
Microsoft Visual Studio Solution File, Format Version 12.00
# Visual Studio Version 17
VisualStudioVersion = 17.11.35303.130
MinimumVisualStudioVersion = 10.0.40219.1
Project("{FAE04EC0-301F-11D3-BF4B-00C04F79EFBC}") = "01.04. Lab_2", "01.04. Lab_2\01.04. Lab_2.csproj", "{8AAD7E18-0E54-4CAE-94A7-4D0C26143604}"
EndProject
Global
	GlobalSection(SolutionConfigurationPlatforms) = preSolution
		Debug|Any CPU = Debug|Any CPU
		Release|Any CPU = Release|Any CPU
	EndGlobalSection
	GlobalSection(ProjectConfigurationPlatforms) = postSolution
		{8AAD7E18-0E54-4CAE-94A7-4D0C26143604}.Debug|Any CPU.ActiveCfg = Debug|Any CPU
		{8AAD7E18-0E54-4CAE-94A7-4D0C26143604}.Debug|Any CPU.Build.0 = Debug|Any CPU
		{8AAD7E18-0E54-4CAE-94A7-4D0C26143604}.Release|Any CPU.ActiveCfg = Release|Any CPU
		{8AAD7E18-0E54-4CAE-94A7-4D0C26143604}.Release|Any CPU.Build.0 = Release|Any CPU
	EndGlobalSection
	GlobalSection(SolutionProperties) = preSolution
		HideSolutionNode = FALSE
	EndGlobalSection
	GlobalSection(ExtensibilityGlobals) = postSolution
		SolutionGuid = {37A46E7D-C692-4494-8D9E-58545560EE50}
	EndGlobalSection
EndGlobal
