
Microsoft Visual Studio Solution File, Format Version 12.00
# Visual Studio Version 17
VisualStudioVersion = 17.11.35303.130
MinimumVisualStudioVersion = 10.0.40219.1
Project("{FAE04EC0-301F-11D3-BF4B-00C04F79EFBC}") = "1. MDK_01_04", "1. MDK_01_04\1. MDK_01_04.csproj", "{4A224DE5-59A3-41AB-AE12-04530CD0E85B}"
EndProject
Global
	GlobalSection(SolutionConfigurationPlatforms) = preSolution
		Debug|Any CPU = Debug|Any CPU
		Release|Any CPU = Release|Any CPU
	EndGlobalSection
	GlobalSection(ProjectConfigurationPlatforms) = postSolution
		{4A224DE5-59A3-41AB-AE12-04530CD0E85B}.Debug|Any CPU.ActiveCfg = Debug|Any CPU
		{4A224DE5-59A3-41AB-AE12-04530CD0E85B}.Debug|Any CPU.Build.0 = Debug|Any CPU
		{4A224DE5-59A3-41AB-AE12-04530CD0E85B}.Release|Any CPU.ActiveCfg = Release|Any CPU
		{4A224DE5-59A3-41AB-AE12-04530CD0E85B}.Release|Any CPU.Build.0 = Release|Any CPU
	EndGlobalSection
	GlobalSection(SolutionProperties) = preSolution
		HideSolutionNode = FALSE
	EndGlobalSection
	GlobalSection(ExtensibilityGlobals) = postSolution
		SolutionGuid = {8DD7CCC3-31A1-44D0-92CC-3F0FA76FDA04}
	EndGlobalSection
EndGlobal
